
Microsoft Visual Studio Solution File, Format Version 12.00
# Visual Studio 2013
VisualStudioVersion = 12.0.40629.0
MinimumVisualStudioVersion = 10.0.40219.1
Project("{8BC9CEB8-8B4A-11D0-8D11-00A0C91BC942}") = "log4cplus", "log4cplus.vcxproj", "{6819CBEA-A0CB-40AC-B029-E329962DAE7B}"
EndProject
Project("{8BC9CEB8-8B4A-11D0-8D11-00A0C91BC942}") = "log4cplus_wapper", "log4cplus_wapper\log4cplus_wapper.vcxproj", "{14F65916-C357-4168-B014-737689EA5522}"
EndProject
Project("{8BC9CEB8-8B4A-11D0-8D11-00A0C91BC942}") = "log4cplus_demo", "demos\log4cplus_demo.vcxproj", "{760B4A63-6C84-40BC-B28D-10A67101A1B7}"
EndProject
Project("{8BC9CEB8-8B4A-11D0-8D11-00A0C91BC942}") = "log4cpluswapper_demo", "demos\log4cpluswapper_demo.vcxproj", "{F9265E16-9B1B-4AA5-98D6-251225D4325F}"
EndProject
Global
	GlobalSection(SolutionConfigurationPlatforms) = preSolution
		Debug|Win32 = Debug|Win32
		Release|Win32 = Release|Win32
	EndGlobalSection
	GlobalSection(ProjectConfigurationPlatforms) = postSolution
		{6819CBEA-A0CB-40AC-B029-E329962DAE7B}.Debug|Win32.ActiveCfg = Debug|Win32
		{6819CBEA-A0CB-40AC-B029-E329962DAE7B}.Debug|Win32.Build.0 = Debug|Win32
		{6819CBEA-A0CB-40AC-B029-E329962DAE7B}.Release|Win32.ActiveCfg = Release|Win32
		{6819CBEA-A0CB-40AC-B029-E329962DAE7B}.Release|Win32.Build.0 = Release|Win32
		{14F65916-C357-4168-B014-737689EA5522}.Debug|Win32.ActiveCfg = Debug|Win32
		{14F65916-C357-4168-B014-737689EA5522}.Debug|Win32.Build.0 = Debug|Win32
		{14F65916-C357-4168-B014-737689EA5522}.Release|Win32.ActiveCfg = Release|Win32
		{14F65916-C357-4168-B014-737689EA5522}.Release|Win32.Build.0 = Release|Win32
		{760B4A63-6C84-40BC-B28D-10A67101A1B7}.Debug|Win32.ActiveCfg = Debug|Win32
		{760B4A63-6C84-40BC-B28D-10A67101A1B7}.Debug|Win32.Build.0 = Debug|Win32
		{760B4A63-6C84-40BC-B28D-10A67101A1B7}.Release|Win32.ActiveCfg = Release|Win32
		{760B4A63-6C84-40BC-B28D-10A67101A1B7}.Release|Win32.Build.0 = Release|Win32
		{F9265E16-9B1B-4AA5-98D6-251225D4325F}.Debug|Win32.ActiveCfg = Debug|Win32
		{F9265E16-9B1B-4AA5-98D6-251225D4325F}.Debug|Win32.Build.0 = Debug|Win32
		{F9265E16-9B1B-4AA5-98D6-251225D4325F}.Release|Win32.ActiveCfg = Release|Win32
		{F9265E16-9B1B-4AA5-98D6-251225D4325F}.Release|Win32.Build.0 = Release|Win32
	EndGlobalSection
	GlobalSection(SolutionProperties) = preSolution
		HideSolutionNode = FALSE
	EndGlobalSection
EndGlobal
