
Microsoft Visual Studio Solution File, Format Version 11.00
# Visual Studio 2010
Project("{FAE04EC0-301F-11D3-BF4B-00C04F79EFBC}") = "PcscLH", "PcscLH\PcscLH.csproj", "{B16A1FDB-0033-4EB5-8ED0-0F357A848186}"
EndProject
Project("{FAE04EC0-301F-11D3-BF4B-00C04F79EFBC}") = "TestLhPcsc", "TestLhPcsc\TestLhPcsc.csproj", "{2DFECD3D-35F3-4675-97BE-1B302685DFF6}"
EndProject
Global
	GlobalSection(SolutionConfigurationPlatforms) = preSolution
		Debug|Any CPU = Debug|Any CPU
		Release|Any CPU = Release|Any CPU
	EndGlobalSection
	GlobalSection(ProjectConfigurationPlatforms) = postSolution
		{B16A1FDB-0033-4EB5-8ED0-0F357A848186}.Debug|Any CPU.ActiveCfg = Debug|Any CPU
		{B16A1FDB-0033-4EB5-8ED0-0F357A848186}.Debug|Any CPU.Build.0 = Debug|Any CPU
		{B16A1FDB-0033-4EB5-8ED0-0F357A848186}.Release|Any CPU.ActiveCfg = Release|Any CPU
		{B16A1FDB-0033-4EB5-8ED0-0F357A848186}.Release|Any CPU.Build.0 = Release|Any CPU
		{2DFECD3D-35F3-4675-97BE-1B302685DFF6}.Debug|Any CPU.ActiveCfg = Debug|Any CPU
		{2DFECD3D-35F3-4675-97BE-1B302685DFF6}.Debug|Any CPU.Build.0 = Debug|Any CPU
		{2DFECD3D-35F3-4675-97BE-1B302685DFF6}.Release|Any CPU.ActiveCfg = Release|Any CPU
		{2DFECD3D-35F3-4675-97BE-1B302685DFF6}.Release|Any CPU.Build.0 = Release|Any CPU
	EndGlobalSection
	GlobalSection(SolutionProperties) = preSolution
		HideSolutionNode = FALSE
	EndGlobalSection
EndGlobal
